
Microsoft Visual Studio Solution File, Format Version 12.00
# Visual Studio Version 17
VisualStudioVersion = 17.14.36301.6 d17.14
MinimumVisualStudioVersion = 10.0.40219.1
Project("{FAE04EC0-301F-11D3-BF4B-00C04F79EFBC}") = "Finanzas.API", "Finanzas.API.csproj", "{47D611C6-042B-4949-8EF0-514F722308E0}"
EndProject
Global
	GlobalSection(SolutionConfigurationPlatforms) = preSolution
		Debug|Any CPU = Debug|Any CPU
		Release|Any CPU = Release|Any CPU
	EndGlobalSection
	GlobalSection(ProjectConfigurationPlatforms) = postSolution
		{47D611C6-042B-4949-8EF0-514F722308E0}.Debug|Any CPU.ActiveCfg = Debug|Any CPU
		{47D611C6-042B-4949-8EF0-514F722308E0}.Debug|Any CPU.Build.0 = Debug|Any CPU
		{47D611C6-042B-4949-8EF0-514F722308E0}.Release|Any CPU.ActiveCfg = Release|Any CPU
		{47D611C6-042B-4949-8EF0-514F722308E0}.Release|Any CPU.Build.0 = Release|Any CPU
	EndGlobalSection
	GlobalSection(SolutionProperties) = preSolution
		HideSolutionNode = FALSE
	EndGlobalSection
	GlobalSection(ExtensibilityGlobals) = postSolution
		SolutionGuid = {0DB3697C-E21E-4618-BA88-067D5203CEA7}
	EndGlobalSection
EndGlobal
